
Microsoft Visual Studio Solution File, Format Version 12.00
# Visual Studio Version 17
VisualStudioVersion = 17.10.35122.118
MinimumVisualStudioVersion = 10.0.40219.1
Project("{9A19103F-16F7-4668-BE54-9A1E7A4F7556}") = "ViewConsole", "ViewConsole\ViewConsole.csproj", "{6CC85416-B2B7-4F1C-B036-E0F46C5E7A43}"
EndProject
Project("{9A19103F-16F7-4668-BE54-9A1E7A4F7556}") = "Domain", "Domain\Domain.csproj", "{D769DFD0-2A7A-4D99-9838-84AD06C3B05F}"
EndProject
Project("{9A19103F-16F7-4668-BE54-9A1E7A4F7556}") = "GeladeiraAPI", "GeladeiraAPI\GeladeiraAPI.csproj", "{7FB91C43-F89C-468C-9BF6-B1355C85DD50}"
EndProject
Project("{9A19103F-16F7-4668-BE54-9A1E7A4F7556}") = "Services", "Services\Services.csproj", "{D341D28B-2C51-471A-BC82-9B8B6C3C2F2A}"
EndProject
Project("{FAE04EC0-301F-11D3-BF4B-00C04F79EFBC}") = "Repository", "Repository\Repository.csproj", "{5CA40961-1015-4505-AFAB-135AB0DEA292}"
EndProject
Global
	GlobalSection(SolutionConfigurationPlatforms) = preSolution
		Debug|Any CPU = Debug|Any CPU
		Release|Any CPU = Release|Any CPU
	EndGlobalSection
	GlobalSection(ProjectConfigurationPlatforms) = postSolution
		{6CC85416-B2B7-4F1C-B036-E0F46C5E7A43}.Debug|Any CPU.ActiveCfg = Debug|Any CPU
		{6CC85416-B2B7-4F1C-B036-E0F46C5E7A43}.Debug|Any CPU.Build.0 = Debug|Any CPU
		{6CC85416-B2B7-4F1C-B036-E0F46C5E7A43}.Release|Any CPU.ActiveCfg = Release|Any CPU
		{6CC85416-B2B7-4F1C-B036-E0F46C5E7A43}.Release|Any CPU.Build.0 = Release|Any CPU
		{D769DFD0-2A7A-4D99-9838-84AD06C3B05F}.Debug|Any CPU.ActiveCfg = Debug|Any CPU
		{D769DFD0-2A7A-4D99-9838-84AD06C3B05F}.Debug|Any CPU.Build.0 = Debug|Any CPU
		{D769DFD0-2A7A-4D99-9838-84AD06C3B05F}.Release|Any CPU.ActiveCfg = Release|Any CPU
		{D769DFD0-2A7A-4D99-9838-84AD06C3B05F}.Release|Any CPU.Build.0 = Release|Any CPU
		{7FB91C43-F89C-468C-9BF6-B1355C85DD50}.Debug|Any CPU.ActiveCfg = Debug|Any CPU
		{7FB91C43-F89C-468C-9BF6-B1355C85DD50}.Debug|Any CPU.Build.0 = Debug|Any CPU
		{7FB91C43-F89C-468C-9BF6-B1355C85DD50}.Release|Any CPU.ActiveCfg = Release|Any CPU
		{7FB91C43-F89C-468C-9BF6-B1355C85DD50}.Release|Any CPU.Build.0 = Release|Any CPU
		{D341D28B-2C51-471A-BC82-9B8B6C3C2F2A}.Debug|Any CPU.ActiveCfg = Debug|Any CPU
		{D341D28B-2C51-471A-BC82-9B8B6C3C2F2A}.Debug|Any CPU.Build.0 = Debug|Any CPU
		{D341D28B-2C51-471A-BC82-9B8B6C3C2F2A}.Release|Any CPU.ActiveCfg = Release|Any CPU
		{D341D28B-2C51-471A-BC82-9B8B6C3C2F2A}.Release|Any CPU.Build.0 = Release|Any CPU
		{5CA40961-1015-4505-AFAB-135AB0DEA292}.Debug|Any CPU.ActiveCfg = Debug|Any CPU
		{5CA40961-1015-4505-AFAB-135AB0DEA292}.Debug|Any CPU.Build.0 = Debug|Any CPU
		{5CA40961-1015-4505-AFAB-135AB0DEA292}.Release|Any CPU.ActiveCfg = Release|Any CPU
		{5CA40961-1015-4505-AFAB-135AB0DEA292}.Release|Any CPU.Build.0 = Release|Any CPU
	EndGlobalSection
	GlobalSection(SolutionProperties) = preSolution
		HideSolutionNode = FALSE
	EndGlobalSection
	GlobalSection(ExtensibilityGlobals) = postSolution
		SolutionGuid = {8D88DEAB-2BEE-4A4B-B2AE-AF9C468D48E1}
	EndGlobalSection
EndGlobal
